
Microsoft Visual Studio Solution File, Format Version 12.00
# Visual Studio Version 16
VisualStudioVersion = 16.0.30907.101
MinimumVisualStudioVersion = 10.0.40219.1
Project("{FAE04EC0-301F-11D3-BF4B-00C04F79EFBC}") = "MovieBooking", "MovieBooking.csproj", "{7BEE25F1-916A-4BE3-A332-B87DDC4B0AFD}"
EndProject
Global
	GlobalSection(SolutionConfigurationPlatforms) = preSolution
		Debug|Any CPU = Debug|Any CPU
		Release|Any CPU = Release|Any CPU
	EndGlobalSection
	GlobalSection(ProjectConfigurationPlatforms) = postSolution
		{7BEE25F1-916A-4BE3-A332-B87DDC4B0AFD}.Debug|Any CPU.ActiveCfg = Debug|Any CPU
		{7BEE25F1-916A-4BE3-A332-B87DDC4B0AFD}.Debug|Any CPU.Build.0 = Debug|Any CPU
		{7BEE25F1-916A-4BE3-A332-B87DDC4B0AFD}.Release|Any CPU.ActiveCfg = Release|Any CPU
		{7BEE25F1-916A-4BE3-A332-B87DDC4B0AFD}.Release|Any CPU.Build.0 = Release|Any CPU
	EndGlobalSection
	GlobalSection(SolutionProperties) = preSolution
		HideSolutionNode = FALSE
	EndGlobalSection
	GlobalSection(ExtensibilityGlobals) = postSolution
		SolutionGuid = {B1507128-56E6-4662-8D98-C6F220FA9826}
	EndGlobalSection
EndGlobal
